// !$*UTF8*$!
{
	archiveVersion = 1;
	classes = {
	};
	objectVersion = 50;
	objects = {

/* Begin PBXBuildFile section */
		275FA2DA222F0AFD001C392D /* AppDelegate.swift in Sources */ = {isa = PBXBuildFile; fileRef = 275FA2D9222F0AFD001C392D /* AppDelegate.swift */; };
		275FA2DC222F0AFD001C392D /* LogDocument.swift in Sources */ = {isa = PBXBuildFile; fileRef = 275FA2DB222F0AFD001C392D /* LogDocument.swift */; };
		275FA2DF222F0AFD001C392D /* Document.xib in Resources */ = {isa = PBXBuildFile; fileRef = 275FA2DD222F0AFD001C392D /* Document.xib */; };
		275FA2E1222F0AFF001C392D /* Assets.xcassets in Resources */ = {isa = PBXBuildFile; fileRef = 275FA2E0222F0AFF001C392D /* Assets.xcassets */; };
		275FA2E4222F0AFF001C392D /* MainMenu.xib in Resources */ = {isa = PBXBuildFile; fileRef = 275FA2E2222F0AFF001C392D /* MainMenu.xib */; };
		275FA2F0222F0AFF001C392D /* LogLadyTests.swift in Sources */ = {isa = PBXBuildFile; fileRef = 275FA2EF222F0AFF001C392D /* LogLadyTests.swift */; };
		275FA2FB222F0D41001C392D /* LogEntry.swift in Sources */ = {isa = PBXBuildFile; fileRef = 275FA2FA222F0D41001C392D /* LogEntry.swift */; };
		275FA2FD222F10B9001C392D /* LogParser.swift in Sources */ = {isa = PBXBuildFile; fileRef = 275FA2FC222F10B9001C392D /* LogParser.swift */; };
		275FA31222306A92001C392D /* stethoscope.pdf in Resources */ = {isa = PBXBuildFile; fileRef = 275FA30D22306A91001C392D /* stethoscope.pdf */; };
		275FA31322306A92001C392D /* skull.pdf in Resources */ = {isa = PBXBuildFile; fileRef = 275FA30E22306A91001C392D /* skull.pdf */; };
		275FA31422306A92001C392D /* exclamation-triangle.pdf in Resources */ = {isa = PBXBuildFile; fileRef = 275FA30F22306A91001C392D /* exclamation-triangle.pdf */; };
		275FA31522306A92001C392D /* info.pdf in Resources */ = {isa = PBXBuildFile; fileRef = 275FA31022306A91001C392D /* info.pdf */; };
		275FA31622306A92001C392D /* comment.pdf in Resources */ = {isa = PBXBuildFile; fileRef = 275FA31122306A92001C392D /* comment.pdf */; };
		275FA31922306D35001C392D /* flag-checkered.pdf in Resources */ = {isa = PBXBuildFile; fileRef = 275FA31722306D34001C392D /* flag-checkered.pdf */; };
		275FA31A22306D35001C392D /* flag.pdf in Resources */ = {isa = PBXBuildFile; fileRef = 275FA31822306D35001C392D /* flag.pdf */; };
		275FA31F2230AC51001C392D /* LogDocument+Commands.swift in Sources */ = {isa = PBXBuildFile; fileRef = 275FA31E2230AC51001C392D /* LogDocument+Commands.swift */; };
		275FA3272232FC6C001C392D /* LogDecoder.cc in Sources */ = {isa = PBXBuildFile; fileRef = 275FA3242232FC6C001C392D /* LogDecoder.cc */; };
		275FA3312232FE8E001C392D /* LogDecoderGlue.mm in Sources */ = {isa = PBXBuildFile; fileRef = 275FA3302232FE8E001C392D /* LogDecoderGlue.mm */; };
		275FA333223301F9001C392D /* LiteCoreLogParser.swift in Sources */ = {isa = PBXBuildFile; fileRef = 275FA332223301F9001C392D /* LiteCoreLogParser.swift */; };
		275FA34622384365001C392D /* Credits.rtf in Resources */ = {isa = PBXBuildFile; fileRef = 275FA34522384365001C392D /* Credits.rtf */; };
		27876DB12231E7760041ACBB /* LogDocument+Find.swift in Sources */ = {isa = PBXBuildFile; fileRef = 27876DB02231E7760041ACBB /* LogDocument+Find.swift */; };
/* End PBXBuildFile section */

/* Begin PBXContainerItemProxy section */
		275FA2EC222F0AFF001C392D /* PBXContainerItemProxy */ = {
			isa = PBXContainerItemProxy;
			containerPortal = 275FA2CE222F0AFD001C392D /* Project object */;
			proxyType = 1;
			remoteGlobalIDString = 275FA2D5222F0AFD001C392D;
			remoteInfo = LogLady;
		};
/* End PBXContainerItemProxy section */

/* Begin PBXFileReference section */
		275FA2D6222F0AFD001C392D /* Log Lady.app */ = {isa = PBXFileReference; explicitFileType = wrapper.application; includeInIndex = 0; path = "Log Lady.app"; sourceTree = BUILT_PRODUCTS_DIR; };
		275FA2D9222F0AFD001C392D /* AppDelegate.swift */ = {isa = PBXFileReference; lastKnownFileType = sourcecode.swift; path = AppDelegate.swift; sourceTree = "<group>"; };
		275FA2DB222F0AFD001C392D /* LogDocument.swift */ = {isa = PBXFileReference; lastKnownFileType = sourcecode.swift; path = LogDocument.swift; sourceTree = "<group>"; };
		275FA2DE222F0AFD001C392D /* Base */ = {isa = PBXFileReference; lastKnownFileType = file.xib; name = Base; path = Base.lproj/Document.xib; sourceTree = "<group>"; };
		275FA2E0222F0AFF001C392D /* Assets.xcassets */ = {isa = PBXFileReference; lastKnownFileType = folder.assetcatalog; path = Assets.xcassets; sourceTree = "<group>"; };
		275FA2E3222F0AFF001C392D /* Base */ = {isa = PBXFileReference; lastKnownFileType = file.xib; name = Base; path = Base.lproj/MainMenu.xib; sourceTree = "<group>"; };
		275FA2E5222F0AFF001C392D /* Info.plist */ = {isa = PBXFileReference; lastKnownFileType = text.plist.xml; path = Info.plist; sourceTree = "<group>"; };
		275FA2E6222F0AFF001C392D /* LogLady.entitlements */ = {isa = PBXFileReference; lastKnownFileType = text.plist.entitlements; path = LogLady.entitlements; sourceTree = "<group>"; };
		275FA2EB222F0AFF001C392D /* LogLadyTests.xctest */ = {isa = PBXFileReference; explicitFileType = wrapper.cfbundle; includeInIndex = 0; path = LogLadyTests.xctest; sourceTree = BUILT_PRODUCTS_DIR; };
		275FA2EF222F0AFF001C392D /* LogLadyTests.swift */ = {isa = PBXFileReference; lastKnownFileType = sourcecode.swift; path = LogLadyTests.swift; sourceTree = "<group>"; };
		275FA2F1222F0AFF001C392D /* Info.plist */ = {isa = PBXFileReference; lastKnownFileType = text.plist.xml; path = Info.plist; sourceTree = "<group>"; };
		275FA2FA222F0D41001C392D /* LogEntry.swift */ = {isa = PBXFileReference; lastKnownFileType = sourcecode.swift; path = LogEntry.swift; sourceTree = "<group>"; };
		275FA2FC222F10B9001C392D /* LogParser.swift */ = {isa = PBXFileReference; lastKnownFileType = sourcecode.swift; path = LogParser.swift; sourceTree = "<group>"; };
		275FA2FE222F208F001C392D /* LogLady.playground */ = {isa = PBXFileReference; lastKnownFileType = file.playground; path = LogLady.playground; sourceTree = SOURCE_ROOT; xcLanguageSpecificationIdentifier = xcode.lang.swift; };
		275FA30D22306A91001C392D /* stethoscope.pdf */ = {isa = PBXFileReference; lastKnownFileType = image.pdf; path = stethoscope.pdf; sourceTree = "<group>"; };
		275FA30E22306A91001C392D /* skull.pdf */ = {isa = PBXFileReference; lastKnownFileType = image.pdf; path = skull.pdf; sourceTree = "<group>"; };
		275FA30F22306A91001C392D /* exclamation-triangle.pdf */ = {isa = PBXFileReference; lastKnownFileType = image.pdf; path = "exclamation-triangle.pdf"; sourceTree = "<group>"; };
		275FA31022306A91001C392D /* info.pdf */ = {isa = PBXFileReference; lastKnownFileType = image.pdf; path = info.pdf; sourceTree = "<group>"; };
		275FA31122306A92001C392D /* comment.pdf */ = {isa = PBXFileReference; lastKnownFileType = image.pdf; path = comment.pdf; sourceTree = "<group>"; };
		275FA31722306D34001C392D /* flag-checkered.pdf */ = {isa = PBXFileReference; lastKnownFileType = image.pdf; path = "flag-checkered.pdf"; sourceTree = "<group>"; };
		275FA31822306D35001C392D /* flag.pdf */ = {isa = PBXFileReference; lastKnownFileType = image.pdf; path = flag.pdf; sourceTree = "<group>"; };
		275FA31E2230AC51001C392D /* LogDocument+Commands.swift */ = {isa = PBXFileReference; lastKnownFileType = sourcecode.swift; path = "LogDocument+Commands.swift"; sourceTree = "<group>"; };
		275FA3212232FC6B001C392D /* Log Lady-Bridging-Header.h */ = {isa = PBXFileReference; lastKnownFileType = sourcecode.c.h; path = "Log Lady-Bridging-Header.h"; sourceTree = "<group>"; };
		275FA3242232FC6C001C392D /* LogDecoder.cc */ = {isa = PBXFileReference; fileEncoding = 4; lastKnownFileType = sourcecode.cpp.cpp; path = LogDecoder.cc; sourceTree = "<group>"; };
		275FA3252232FC6C001C392D /* LogDecoder.hh */ = {isa = PBXFileReference; fileEncoding = 4; lastKnownFileType = sourcecode.cpp.h; path = LogDecoder.hh; sourceTree = "<group>"; };
		275FA3282232FC98001C392D /* forestdb_endian.h */ = {isa = PBXFileReference; lastKnownFileType = sourcecode.c.h; path = forestdb_endian.h; sourceTree = "<group>"; };
		275FA3292232FC98001C392D /* Endian.hh */ = {isa = PBXFileReference; lastKnownFileType = sourcecode.cpp.h; path = Endian.hh; sourceTree = "<group>"; };
		275FA32E2232FD22001C392D /* Base.hh */ = {isa = PBXFileReference; lastKnownFileType = sourcecode.cpp.h; path = Base.hh; sourceTree = "<group>"; };
		275FA32F2232FE8E001C392D /* LogDecoderGlue.h */ = {isa = PBXFileReference; lastKnownFileType = sourcecode.c.h; path = LogDecoderGlue.h; sourceTree = "<group>"; };
		275FA3302232FE8E001C392D /* LogDecoderGlue.mm */ = {isa = PBXFileReference; lastKnownFileType = sourcecode.cpp.objcpp; path = LogDecoderGlue.mm; sourceTree = "<group>"; };
		275FA332223301F9001C392D /* LiteCoreLogParser.swift */ = {isa = PBXFileReference; lastKnownFileType = sourcecode.swift; path = LiteCoreLogParser.swift; sourceTree = "<group>"; };
		275FA34522384365001C392D /* Credits.rtf */ = {isa = PBXFileReference; fileEncoding = 4; lastKnownFileType = text.rtf; path = Credits.rtf; sourceTree = "<group>"; };
		27876DB02231E7760041ACBB /* LogDocument+Find.swift */ = {isa = PBXFileReference; lastKnownFileType = sourcecode.swift; path = "LogDocument+Find.swift"; sourceTree = "<group>"; };
/* End PBXFileReference section */

/* Begin PBXFrameworksBuildPhase section */
		275FA2D3222F0AFD001C392D /* Frameworks */ = {
			isa = PBXFrameworksBuildPhase;
			buildActionMask = 2147483647;
			files = (
			);
			runOnlyForDeploymentPostprocessing = 0;
		};
		275FA2E8222F0AFF001C392D /* Frameworks */ = {
			isa = PBXFrameworksBuildPhase;
			buildActionMask = 2147483647;
			files = (
			);
			runOnlyForDeploymentPostprocessing = 0;
		};
/* End PBXFrameworksBuildPhase section */

/* Begin PBXGroup section */
		275FA2CD222F0AFD001C392D = {
			isa = PBXGroup;
			children = (
				275FA2D8222F0AFD001C392D /* LogLady */,
				275FA2EE222F0AFF001C392D /* LogLadyTests */,
				275FA2D7222F0AFD001C392D /* Products */,
			);
			sourceTree = "<group>";
		};
		275FA2D7222F0AFD001C392D /* Products */ = {
			isa = PBXGroup;
			children = (
				275FA2D6222F0AFD001C392D /* Log Lady.app */,
				275FA2EB222F0AFF001C392D /* LogLadyTests.xctest */,
			);
			name = Products;
			sourceTree = "<group>";
		};
		275FA2D8222F0AFD001C392D /* LogLady */ = {
			isa = PBXGroup;
			children = (
				275FA2FE222F208F001C392D /* LogLady.playground */,
				275FA2FF22304B0C001C392D /* Model */,
				275FA2D9222F0AFD001C392D /* AppDelegate.swift */,
				275FA2DB222F0AFD001C392D /* LogDocument.swift */,
				275FA31E2230AC51001C392D /* LogDocument+Commands.swift */,
				27876DB02231E7760041ACBB /* LogDocument+Find.swift */,
				275FA2DD222F0AFD001C392D /* Document.xib */,
				275FA2E0222F0AFF001C392D /* Assets.xcassets */,
				275FA2E2222F0AFF001C392D /* MainMenu.xib */,
				275FA2E5222F0AFF001C392D /* Info.plist */,
				275FA34522384365001C392D /* Credits.rtf */,
				275FA2E6222F0AFF001C392D /* LogLady.entitlements */,
				275FA3212232FC6B001C392D /* Log Lady-Bridging-Header.h */,
				275FA3202232FC40001C392D /* LiteCore Binary Logs */,
				275FA30C22306A86001C392D /* Icons */,
			);
			path = LogLady;
			sourceTree = "<group>";
		};
		275FA2EE222F0AFF001C392D /* LogLadyTests */ = {
			isa = PBXGroup;
			children = (
				275FA2EF222F0AFF001C392D /* LogLadyTests.swift */,
				275FA2F1222F0AFF001C392D /* Info.plist */,
			);
			path = LogLadyTests;
			sourceTree = "<group>";
		};
		275FA2FF22304B0C001C392D /* Model */ = {
			isa = PBXGroup;
			children = (
				275FA2FA222F0D41001C392D /* LogEntry.swift */,
				275FA2FC222F10B9001C392D /* LogParser.swift */,
				275FA332223301F9001C392D /* LiteCoreLogParser.swift */,
			);
			path = Model;
			sourceTree = "<group>";
		};
		275FA30C22306A86001C392D /* Icons */ = {
			isa = PBXGroup;
			children = (
				275FA31122306A92001C392D /* comment.pdf */,
				275FA30F22306A91001C392D /* exclamation-triangle.pdf */,
				275FA31722306D34001C392D /* flag-checkered.pdf */,
				275FA31822306D35001C392D /* flag.pdf */,
				275FA31022306A91001C392D /* info.pdf */,
				275FA30E22306A91001C392D /* skull.pdf */,
				275FA30D22306A91001C392D /* stethoscope.pdf */,
			);
			path = Icons;
			sourceTree = "<group>";
		};
		275FA3202232FC40001C392D /* LiteCore Binary Logs */ = {
			isa = PBXGroup;
			children = (
				275FA3242232FC6C001C392D /* LogDecoder.cc */,
				275FA3252232FC6C001C392D /* LogDecoder.hh */,
				275FA32F2232FE8E001C392D /* LogDecoderGlue.h */,
				275FA3302232FE8E001C392D /* LogDecoderGlue.mm */,
				275FA32E2232FD22001C392D /* Base.hh */,
				275FA3292232FC98001C392D /* Endian.hh */,
				275FA3282232FC98001C392D /* forestdb_endian.h */,
			);
			path = "LiteCore Binary Logs";
			sourceTree = "<group>";
		};
/* End PBXGroup section */

/* Begin PBXNativeTarget section */
		275FA2D5222F0AFD001C392D /* Log Lady */ = {
			isa = PBXNativeTarget;
			buildConfigurationList = 275FA2F4222F0AFF001C392D /* Build configuration list for PBXNativeTarget "Log Lady" */;
			buildPhases = (
				275FA2D2222F0AFD001C392D /* Sources */,
				275FA2D3222F0AFD001C392D /* Frameworks */,
				275FA2D4222F0AFD001C392D /* Resources */,
			);
			buildRules = (
			);
			dependencies = (
			);
			name = "Log Lady";
			productName = LogLady;
			productReference = 275FA2D6222F0AFD001C392D /* Log Lady.app */;
			productType = "com.apple.product-type.application";
		};
		275FA2EA222F0AFF001C392D /* LogLadyTests */ = {
			isa = PBXNativeTarget;
			buildConfigurationList = 275FA2F7222F0AFF001C392D /* Build configuration list for PBXNativeTarget "LogLadyTests" */;
			buildPhases = (
				275FA2E7222F0AFF001C392D /* Sources */,
				275FA2E8222F0AFF001C392D /* Frameworks */,
				275FA2E9222F0AFF001C392D /* Resources */,
			);
			buildRules = (
			);
			dependencies = (
				275FA2ED222F0AFF001C392D /* PBXTargetDependency */,
			);
			name = LogLadyTests;
			productName = LogLadyTests;
			productReference = 275FA2EB222F0AFF001C392D /* LogLadyTests.xctest */;
			productType = "com.apple.product-type.bundle.unit-test";
		};
/* End PBXNativeTarget section */

/* Begin PBXProject section */
		275FA2CE222F0AFD001C392D /* Project object */ = {
			isa = PBXProject;
			attributes = {
				LastSwiftUpdateCheck = 1020;
				LastUpgradeCheck = 1020;
				ORGANIZATIONNAME = Couchbase;
				TargetAttributes = {
					275FA2D5222F0AFD001C392D = {
						CreatedOnToolsVersion = 10.2;
						LastSwiftMigration = 1020;
					};
					275FA2EA222F0AFF001C392D = {
						CreatedOnToolsVersion = 10.2;
						TestTargetID = 275FA2D5222F0AFD001C392D;
					};
				};
			};
			buildConfigurationList = 275FA2D1222F0AFD001C392D /* Build configuration list for PBXProject "LogLady" */;
			compatibilityVersion = "Xcode 9.3";
			developmentRegion = en;
			hasScannedForEncodings = 0;
			knownRegions = (
				en,
				Base,
			);
			mainGroup = 275FA2CD222F0AFD001C392D;
			productRefGroup = 275FA2D7222F0AFD001C392D /* Products */;
			projectDirPath = "";
			projectRoot = "";
			targets = (
				275FA2D5222F0AFD001C392D /* Log Lady */,
				275FA2EA222F0AFF001C392D /* LogLadyTests */,
			);
		};
/* End PBXProject section */

/* Begin PBXResourcesBuildPhase section */
		275FA2D4222F0AFD001C392D /* Resources */ = {
			isa = PBXResourcesBuildPhase;
			buildActionMask = 2147483647;
			files = (
				275FA31422306A92001C392D /* exclamation-triangle.pdf in Resources */,
				275FA31322306A92001C392D /* skull.pdf in Resources */,
				275FA31922306D35001C392D /* flag-checkered.pdf in Resources */,
				275FA31222306A92001C392D /* stethoscope.pdf in Resources */,
				275FA31A22306D35001C392D /* flag.pdf in Resources */,
				275FA2E1222F0AFF001C392D /* Assets.xcassets in Resources */,
				275FA2DF222F0AFD001C392D /* Document.xib in Resources */,
				275FA31522306A92001C392D /* info.pdf in Resources */,
				275FA34622384365001C392D /* Credits.rtf in Resources */,
				275FA31622306A92001C392D /* comment.pdf in Resources */,
				275FA2E4222F0AFF001C392D /* MainMenu.xib in Resources */,
			);
			runOnlyForDeploymentPostprocessing = 0;
		};
		275FA2E9222F0AFF001C392D /* Resources */ = {
			isa = PBXResourcesBuildPhase;
			buildActionMask = 2147483647;
			files = (
			);
			runOnlyForDeploymentPostprocessing = 0;
		};
/* End PBXResourcesBuildPhase section */

/* Begin PBXSourcesBuildPhase section */
		275FA2D2222F0AFD001C392D /* Sources */ = {
			isa = PBXSourcesBuildPhase;
			buildActionMask = 2147483647;
			files = (
				275FA2DC222F0AFD001C392D /* LogDocument.swift in Sources */,
				275FA3272232FC6C001C392D /* LogDecoder.cc in Sources */,
				275FA3312232FE8E001C392D /* LogDecoderGlue.mm in Sources */,
				275FA333223301F9001C392D /* LiteCoreLogParser.swift in Sources */,
				275FA31F2230AC51001C392D /* LogDocument+Commands.swift in Sources */,
				275FA2DA222F0AFD001C392D /* AppDelegate.swift in Sources */,
				275FA2FD222F10B9001C392D /* LogParser.swift in Sources */,
				27876DB12231E7760041ACBB /* LogDocument+Find.swift in Sources */,
				275FA2FB222F0D41001C392D /* LogEntry.swift in Sources */,
			);
			runOnlyForDeploymentPostprocessing = 0;
		};
		275FA2E7222F0AFF001C392D /* Sources */ = {
			isa = PBXSourcesBuildPhase;
			buildActionMask = 2147483647;
			files = (
				275FA2F0222F0AFF001C392D /* LogLadyTests.swift in Sources */,
			);
			runOnlyForDeploymentPostprocessing = 0;
		};
/* End PBXSourcesBuildPhase section */

/* Begin PBXTargetDependency section */
		275FA2ED222F0AFF001C392D /* PBXTargetDependency */ = {
			isa = PBXTargetDependency;
			target = 275FA2D5222F0AFD001C392D /* Log Lady */;
			targetProxy = 275FA2EC222F0AFF001C392D /* PBXContainerItemProxy */;
		};
/* End PBXTargetDependency section */

/* Begin PBXVariantGroup section */
		275FA2DD222F0AFD001C392D /* Document.xib */ = {
			isa = PBXVariantGroup;
			children = (
				275FA2DE222F0AFD001C392D /* Base */,
			);
			name = Document.xib;
			sourceTree = "<group>";
		};
		275FA2E2222F0AFF001C392D /* MainMenu.xib */ = {
			isa = PBXVariantGroup;
			children = (
				275FA2E3222F0AFF001C392D /* Base */,
			);
			name = MainMenu.xib;
			sourceTree = "<group>";
		};
/* End PBXVariantGroup section */

/* Begin XCBuildConfiguration section */
		275FA2F2222F0AFF001C392D /* Debug */ = {
			isa = XCBuildConfiguration;
			buildSettings = {
				ALWAYS_SEARCH_USER_PATHS = NO;
				CLANG_ANALYZER_NONNULL = YES;
				CLANG_ANALYZER_NUMBER_OBJECT_CONVERSION = YES_AGGRESSIVE;
				CLANG_CXX_LANGUAGE_STANDARD = "gnu++14";
				CLANG_CXX_LIBRARY = "libc++";
				CLANG_ENABLE_MODULES = YES;
				CLANG_ENABLE_OBJC_ARC = YES;
				CLANG_ENABLE_OBJC_WEAK = YES;
				CLANG_WARN_BLOCK_CAPTURE_AUTORELEASING = YES;
				CLANG_WARN_BOOL_CONVERSION = YES;
				CLANG_WARN_COMMA = YES;
				CLANG_WARN_CONSTANT_CONVERSION = YES;
				CLANG_WARN_DEPRECATED_OBJC_IMPLEMENTATIONS = YES;
				CLANG_WARN_DIRECT_OBJC_ISA_USAGE = YES_ERROR;
				CLANG_WARN_DOCUMENTATION_COMMENTS = YES;
				CLANG_WARN_EMPTY_BODY = YES;
				CLANG_WARN_ENUM_CONVERSION = YES;
				CLANG_WARN_INFINITE_RECURSION = YES;
				CLANG_WARN_INT_CONVERSION = YES;
				CLANG_WARN_NON_LITERAL_NULL_CONVERSION = YES;
				CLANG_WARN_OBJC_IMPLICIT_RETAIN_SELF = YES;
				CLANG_WARN_OBJC_LITERAL_CONVERSION = YES;
				CLANG_WARN_OBJC_ROOT_CLASS = YES_ERROR;
				CLANG_WARN_RANGE_LOOP_ANALYSIS = YES;
				CLANG_WARN_STRICT_PROTOTYPES = YES;
				CLANG_WARN_SUSPICIOUS_MOVE = YES;
				CLANG_WARN_UNGUARDED_AVAILABILITY = YES_AGGRESSIVE;
				CLANG_WARN_UNREACHABLE_CODE = YES;
				CLANG_WARN__DUPLICATE_METHOD_MATCH = YES;
				CODE_SIGN_IDENTITY = "Mac Developer";
				COPY_PHASE_STRIP = NO;
				DEBUG_INFORMATION_FORMAT = dwarf;
				ENABLE_STRICT_OBJC_MSGSEND = YES;
				ENABLE_TESTABILITY = YES;
				GCC_C_LANGUAGE_STANDARD = gnu11;
				GCC_DYNAMIC_NO_PIC = NO;
				GCC_NO_COMMON_BLOCKS = YES;
				GCC_OPTIMIZATION_LEVEL = 0;
				GCC_PREPROCESSOR_DEFINITIONS = (
					"DEBUG=1",
					"$(inherited)",
				);
				GCC_WARN_64_TO_32_BIT_CONVERSION = YES;
				GCC_WARN_ABOUT_RETURN_TYPE = YES_ERROR;
				GCC_WARN_UNDECLARED_SELECTOR = YES;
				GCC_WARN_UNINITIALIZED_AUTOS = YES_AGGRESSIVE;
				GCC_WARN_UNUSED_FUNCTION = YES;
				GCC_WARN_UNUSED_VARIABLE = YES;
				MACOSX_DEPLOYMENT_TARGET = 10.14;
				MTL_ENABLE_DEBUG_INFO = INCLUDE_SOURCE;
				MTL_FAST_MATH = YES;
				ONLY_ACTIVE_ARCH = YES;
				SDKROOT = macosx;
				SWIFT_ACTIVE_COMPILATION_CONDITIONS = DEBUG;
				SWIFT_OPTIMIZATION_LEVEL = "-Onone";
			};
			name = Debug;
		};
		275FA2F3222F0AFF001C392D /* Release */ = {
			isa = XCBuildConfiguration;
			buildSettings = {
				ALWAYS_SEARCH_USER_PATHS = NO;
				CLANG_ANALYZER_NONNULL = YES;
				CLANG_ANALYZER_NUMBER_OBJECT_CONVERSION = YES_AGGRESSIVE;
				CLANG_CXX_LANGUAGE_STANDARD = "gnu++14";
				CLANG_CXX_LIBRARY = "libc++";
				CLANG_ENABLE_MODULES = YES;
				CLANG_ENABLE_OBJC_ARC = YES;
				CLANG_ENABLE_OBJC_WEAK = YES;
				CLANG_WARN_BLOCK_CAPTURE_AUTORELEASING = YES;
				CLANG_WARN_BOOL_CONVERSION = YES;
				CLANG_WARN_COMMA = YES;
				CLANG_WARN_CONSTANT_CONVERSION = YES;
				CLANG_WARN_DEPRECATED_OBJC_IMPLEMENTATIONS = YES;
				CLANG_WARN_DIRECT_OBJC_ISA_USAGE = YES_ERROR;
				CLANG_WARN_DOCUMENTATION_COMMENTS = YES;
				CLANG_WARN_EMPTY_BODY = YES;
				CLANG_WARN_ENUM_CONVERSION = YES;
				CLANG_WARN_INFINITE_RECURSION = YES;
				CLANG_WARN_INT_CONVERSION = YES;
				CLANG_WARN_NON_LITERAL_NULL_CONVERSION = YES;
				CLANG_WARN_OBJC_IMPLICIT_RETAIN_SELF = YES;
				CLANG_WARN_OBJC_LITERAL_CONVERSION = YES;
				CLANG_WARN_OBJC_ROOT_CLASS = YES_ERROR;
				CLANG_WARN_RANGE_LOOP_ANALYSIS = YES;
				CLANG_WARN_STRICT_PROTOTYPES = YES;
				CLANG_WARN_SUSPICIOUS_MOVE = YES;
				CLANG_WARN_UNGUARDED_AVAILABILITY = YES_AGGRESSIVE;
				CLANG_WARN_UNREACHABLE_CODE = YES;
				CLANG_WARN__DUPLICATE_METHOD_MATCH = YES;
				CODE_SIGN_IDENTITY = "Mac Developer";
				COPY_PHASE_STRIP = NO;
				DEBUG_INFORMATION_FORMAT = "dwarf-with-dsym";
				ENABLE_NS_ASSERTIONS = NO;
				ENABLE_STRICT_OBJC_MSGSEND = YES;
				GCC_C_LANGUAGE_STANDARD = gnu11;
				GCC_NO_COMMON_BLOCKS = YES;
				GCC_WARN_64_TO_32_BIT_CONVERSION = YES;
				GCC_WARN_ABOUT_RETURN_TYPE = YES_ERROR;
				GCC_WARN_UNDECLARED_SELECTOR = YES;
				GCC_WARN_UNINITIALIZED_AUTOS = YES_AGGRESSIVE;
				GCC_WARN_UNUSED_FUNCTION = YES;
				GCC_WARN_UNUSED_VARIABLE = YES;
				MACOSX_DEPLOYMENT_TARGET = 10.14;
				MTL_ENABLE_DEBUG_INFO = NO;
				MTL_FAST_MATH = YES;
				SDKROOT = macosx;
				SWIFT_COMPILATION_MODE = wholemodule;
				SWIFT_OPTIMIZATION_LEVEL = "-O";
			};
			name = Release;
		};
		275FA2F5222F0AFF001C392D /* Debug */ = {
			isa = XCBuildConfiguration;
			buildSettings = {
				ASSETCATALOG_COMPILER_APPICON_NAME = AppIcon;
				CLANG_ENABLE_MODULES = YES;
				CODE_SIGN_ENTITLEMENTS = LogLady/LogLady.entitlements;
				CODE_SIGN_STYLE = Automatic;
				COMBINE_HIDPI_IMAGES = YES;
				DEVELOPMENT_TEAM = N2Q372V7W2;
				INFOPLIST_FILE = LogLady/Info.plist;
				LD_RUNPATH_SEARCH_PATHS = (
					"$(inherited)",
					"@executable_path/../Frameworks",
				);
				MACOSX_DEPLOYMENT_TARGET = 10.11;
				PRODUCT_BUNDLE_IDENTIFIER = com.couchbase.LogLady;
				PRODUCT_NAME = "$(TARGET_NAME)";
				SWIFT_OBJC_BRIDGING_HEADER = "LogLady/Log Lady-Bridging-Header.h";
				SWIFT_OPTIMIZATION_LEVEL = "-Onone";
				SWIFT_VERSION = 5.0;
			};
			name = Debug;
		};
		275FA2F6222F0AFF001C392D /* Release */ = {
			isa = XCBuildConfiguration;
			buildSettings = {
				ASSETCATALOG_COMPILER_APPICON_NAME = AppIcon;
				CLANG_ENABLE_MODULES = YES;
				CODE_SIGN_ENTITLEMENTS = LogLady/LogLady.entitlements;
				CODE_SIGN_STYLE = Automatic;
				COMBINE_HIDPI_IMAGES = YES;
				DEVELOPMENT_TEAM = N2Q372V7W2;
				INFOPLIST_FILE = LogLady/Info.plist;
				LD_RUNPATH_SEARCH_PATHS = (
					"$(inherited)",
					"@executable_path/../Frameworks",
				);
				MACOSX_DEPLOYMENT_TARGET = 10.11;
				PRODUCT_BUNDLE_IDENTIFIER = com.couchbase.LogLady;
				PRODUCT_NAME = "$(TARGET_NAME)";
				SWIFT_OBJC_BRIDGING_HEADER = "LogLady/Log Lady-Bridging-Header.h";
				SWIFT_VERSION = 5.0;
			};
			name = Release;
		};
		275FA2F8222F0AFF001C392D /* Debug */ = {
			isa = XCBuildConfiguration;
			buildSettings = {
				ALWAYS_EMBED_SWIFT_STANDARD_LIBRARIES = YES;
				BUNDLE_LOADER = "$(TEST_HOST)";
				CODE_SIGN_STYLE = Automatic;
				COMBINE_HIDPI_IMAGES = YES;
				DEVELOPMENT_TEAM = N2Q372V7W2;
				INFOPLIST_FILE = LogLadyTests/Info.plist;
				LD_RUNPATH_SEARCH_PATHS = (
					"$(inherited)",
					"@executable_path/../Frameworks",
					"@loader_path/../Frameworks",
				);
				PRODUCT_BUNDLE_IDENTIFIER = com.couchbase.LogLadyTests;
				PRODUCT_NAME = "$(TARGET_NAME)";
				SWIFT_VERSION = 5.0;
				TEST_HOST = "$(BUILT_PRODUCTS_DIR)/LogLady.app/Contents/MacOS/LogLady";
			};
			name = Debug;
		};
		275FA2F9222F0AFF001C392D /* Release */ = {
			isa = XCBuildConfiguration;
			buildSettings = {
				ALWAYS_EMBED_SWIFT_STANDARD_LIBRARIES = YES;
				BUNDLE_LOADER = "$(TEST_HOST)";
				CODE_SIGN_STYLE = Automatic;
				COMBINE_HIDPI_IMAGES = YES;
				DEVELOPMENT_TEAM = N2Q372V7W2;
				INFOPLIST_FILE = LogLadyTests/Info.plist;
				LD_RUNPATH_SEARCH_PATHS = (
					"$(inherited)",
					"@executable_path/../Frameworks",
					"@loader_path/../Frameworks",
				);
				PRODUCT_BUNDLE_IDENTIFIER = com.couchbase.LogLadyTests;
				PRODUCT_NAME = "$(TARGET_NAME)";
				SWIFT_VERSION = 5.0;
				TEST_HOST = "$(BUILT_PRODUCTS_DIR)/LogLady.app/Contents/MacOS/LogLady";
			};
			name = Release;
		};
/* End XCBuildConfiguration section */

/* Begin XCConfigurationList section */
		275FA2D1222F0AFD001C392D /* Build configuration list for PBXProject "LogLady" */ = {
			isa = XCConfigurationList;
			buildConfigurations = (
				275FA2F2222F0AFF001C392D /* Debug */,
				275FA2F3222F0AFF001C392D /* Release */,
			);
			defaultConfigurationIsVisible = 0;
			defaultConfigurationName = Release;
		};
		275FA2F4222F0AFF001C392D /* Build configuration list for PBXNativeTarget "Log Lady" */ = {
			isa = XCConfigurationList;
			buildConfigurations = (
				275FA2F5222F0AFF001C392D /* Debug */,
				275FA2F6222F0AFF001C392D /* Release */,
			);
			defaultConfigurationIsVisible = 0;
			defaultConfigurationName = Release;
		};
		275FA2F7222F0AFF001C392D /* Build configuration list for PBXNativeTarget "LogLadyTests" */ = {
			isa = XCConfigurationList;
			buildConfigurations = (
				275FA2F8222F0AFF001C392D /* Debug */,
				275FA2F9222F0AFF001C392D /* Release */,
			);
			defaultConfigurationIsVisible = 0;
			defaultConfigurationName = Release;
		};
/* End XCConfigurationList section */
	};
	rootObject = 275FA2CE222F0AFD001C392D /* Project object */;
}
